
Microsoft Visual Studio Solution File, Format Version 12.00
# Visual Studio 2012
# SharpDevelop 5.1
VisualStudioVersion = 12.0.21005.1
MinimumVisualStudioVersion = 10.0.40219.1
Project("{FAE04EC0-301F-11D3-BF4B-00C04F79EFBC}") = "TravelPeople.Web", "TravelPeople.Web\TravelPeople.Web.csproj", "{9A3932B6-653D-4091-82AD-7076511FB09C}"
EndProject
Project("{FAE04EC0-301F-11D3-BF4B-00C04F79EFBC}") = "TravelPeople.Service", "TravelPeople.Service\TravelPeople.Service.csproj", "{D34F9C28-1CCE-4F5B-B83D-CE03F36D03E3}"
EndProject
Project("{FAE04EC0-301F-11D3-BF4B-00C04F79EFBC}") = "TravelPeople.Commons", "TravelPeople.Commons\TravelPeople.Commons.csproj", "{8F81B98A-1D75-4652-9D72-F849DDC499C0}"
EndProject
Project("{FAE04EC0-301F-11D3-BF4B-00C04F79EFBC}") = "TravelPeople.DAL", "TravelPeople.DAL\TravelPeople.DAL.csproj", "{767BD3F3-69DD-4CFA-843A-C53230351C83}"
EndProject
Project("{FAE04EC0-301F-11D3-BF4B-00C04F79EFBC}") = "Llama", "Llama\Llama\Llama.csproj", "{1E12D0F6-17FD-40D5-8D8F-A8BB6CBB3AC8}"
EndProject
Project("{FAE04EC0-301F-11D3-BF4B-00C04F79EFBC}") = "SACS.Library", "SACS-DotNet-master\SACS.Library\SACS.Library.csproj", "{8D7F98DE-162A-4269-BFF3-166A68DC681B}"
EndProject
Global
	GlobalSection(SolutionConfigurationPlatforms) = preSolution
		Debug|Any CPU = Debug|Any CPU
		Release|Any CPU = Release|Any CPU
	EndGlobalSection
	GlobalSection(ProjectConfigurationPlatforms) = postSolution
		{9A3932B6-653D-4091-82AD-7076511FB09C}.Debug|Any CPU.ActiveCfg = Debug|Any CPU
		{9A3932B6-653D-4091-82AD-7076511FB09C}.Debug|Any CPU.Build.0 = Debug|Any CPU
		{9A3932B6-653D-4091-82AD-7076511FB09C}.Release|Any CPU.ActiveCfg = Release|Any CPU
		{9A3932B6-653D-4091-82AD-7076511FB09C}.Release|Any CPU.Build.0 = Release|Any CPU
		{D34F9C28-1CCE-4F5B-B83D-CE03F36D03E3}.Debug|Any CPU.ActiveCfg = Debug|Any CPU
		{D34F9C28-1CCE-4F5B-B83D-CE03F36D03E3}.Debug|Any CPU.Build.0 = Debug|Any CPU
		{D34F9C28-1CCE-4F5B-B83D-CE03F36D03E3}.Release|Any CPU.ActiveCfg = Release|Any CPU
		{D34F9C28-1CCE-4F5B-B83D-CE03F36D03E3}.Release|Any CPU.Build.0 = Release|Any CPU
		{8F81B98A-1D75-4652-9D72-F849DDC499C0}.Debug|Any CPU.ActiveCfg = Debug|Any CPU
		{8F81B98A-1D75-4652-9D72-F849DDC499C0}.Debug|Any CPU.Build.0 = Debug|Any CPU
		{8F81B98A-1D75-4652-9D72-F849DDC499C0}.Release|Any CPU.ActiveCfg = Release|Any CPU
		{8F81B98A-1D75-4652-9D72-F849DDC499C0}.Release|Any CPU.Build.0 = Release|Any CPU
		{767BD3F3-69DD-4CFA-843A-C53230351C83}.Debug|Any CPU.ActiveCfg = Debug|Any CPU
		{767BD3F3-69DD-4CFA-843A-C53230351C83}.Debug|Any CPU.Build.0 = Debug|Any CPU
		{767BD3F3-69DD-4CFA-843A-C53230351C83}.Release|Any CPU.ActiveCfg = Release|Any CPU
		{767BD3F3-69DD-4CFA-843A-C53230351C83}.Release|Any CPU.Build.0 = Release|Any CPU
		{1E12D0F6-17FD-40D5-8D8F-A8BB6CBB3AC8}.Debug|Any CPU.ActiveCfg = Debug|Any CPU
		{1E12D0F6-17FD-40D5-8D8F-A8BB6CBB3AC8}.Debug|Any CPU.Build.0 = Debug|Any CPU
		{1E12D0F6-17FD-40D5-8D8F-A8BB6CBB3AC8}.Release|Any CPU.ActiveCfg = Release|Any CPU
		{1E12D0F6-17FD-40D5-8D8F-A8BB6CBB3AC8}.Release|Any CPU.Build.0 = Release|Any CPU
		{8D7F98DE-162A-4269-BFF3-166A68DC681B}.Debug|Any CPU.ActiveCfg = Debug|Any CPU
		{8D7F98DE-162A-4269-BFF3-166A68DC681B}.Debug|Any CPU.Build.0 = Debug|Any CPU
		{8D7F98DE-162A-4269-BFF3-166A68DC681B}.Release|Any CPU.ActiveCfg = Release|Any CPU
		{8D7F98DE-162A-4269-BFF3-166A68DC681B}.Release|Any CPU.Build.0 = Release|Any CPU
	EndGlobalSection
	GlobalSection(SolutionProperties) = preSolution
		HideSolutionNode = FALSE
	EndGlobalSection
EndGlobal
